
Microsoft Visual Studio Solution File, Format Version 12.00
# Visual Studio Version 17
VisualStudioVersion = 17.12.35527.113
MinimumVisualStudioVersion = 10.0.40219.1
Project("{2150E333-8FDC-42A3-9474-1A3956D46DE8}") = "Services", "Services", "{8BB25EFE-BBB8-4B49-AF37-E0538E87A817}"
EndProject
Project("{2150E333-8FDC-42A3-9474-1A3956D46DE8}") = "Catalog", "Catalog", "{B2AAA785-F54F-4743-85B7-7C87D21E1B19}"
EndProject
Project("{FAE04EC0-301F-11D3-BF4B-00C04F79EFBC}") = "Catalog.API", "Services\Catalog\Catalog.API\Catalog.API.csproj", "{FE997CD9-167C-46E3-B7F2-0BB2C5B92823}"
EndProject
Project("{2150E333-8FDC-42A3-9474-1A3956D46DE8}") = "BuildingBlocks", "BuildingBlocks", "{F57C21E9-0B0E-4203-9AC3-4F4242707D05}"
EndProject
Project("{FAE04EC0-301F-11D3-BF4B-00C04F79EFBC}") = "BuildingBlocks", "BuildingBlocks\BuildingBlocks\BuildingBlocks.csproj", "{B38AFA59-DF96-4AFE-AF48-B3DEEDE9CB04}"
EndProject
Project("{E53339B2-1760-4266-BCC7-CA923CBCF16C}") = "docker-compose", "docker-compose.dcproj", "{75085BA6-8C6E-4FEB-BBE1-D5AAABE126E4}"
EndProject
Project("{2150E333-8FDC-42A3-9474-1A3956D46DE8}") = "Basket", "Basket", "{415618B9-A929-4F9D-9BDC-8097B5707C61}"
EndProject
Project("{FAE04EC0-301F-11D3-BF4B-00C04F79EFBC}") = "Basket.API", "Services\Basket\Basket.API\Basket.API.csproj", "{8D9BC2CF-FE86-464B-A5DC-C2D7A9C6545D}"
EndProject
Project("{2150E333-8FDC-42A3-9474-1A3956D46DE8}") = "Dicount", "Dicount", "{AB3D3503-D6F1-423C-9259-99E86AC88039}"
EndProject
Project("{FAE04EC0-301F-11D3-BF4B-00C04F79EFBC}") = "Discount.Grpc", "Services\Discount\Discount.Grpc\Discount.Grpc.csproj", "{251FEB47-F9CE-4099-837A-4B1DF24CB5D3}"
EndProject
Project("{2150E333-8FDC-42A3-9474-1A3956D46DE8}") = "Ordering", "Ordering", "{FD66657F-5B56-461E-840A-B0655767E10C}"
EndProject
Project("{FAE04EC0-301F-11D3-BF4B-00C04F79EFBC}") = "Ordering.API", "Services\Ordering\Ordering.API\Ordering.API.csproj", "{EC888ECC-D138-47CD-A7DE-92AE8A2C32AF}"
EndProject
Project("{FAE04EC0-301F-11D3-BF4B-00C04F79EFBC}") = "Ordering.Domain", "Services\Ordering\Ordering.Domain\Ordering.Domain.csproj", "{F24ED523-42DA-4968-B668-16694630EE9E}"
EndProject
Project("{FAE04EC0-301F-11D3-BF4B-00C04F79EFBC}") = "Ordering.Application", "Services\Ordering\Ordering.Application\Ordering.Application.csproj", "{F936D602-4662-46FC-B2F3-41BAEBF0B681}"
EndProject
Project("{FAE04EC0-301F-11D3-BF4B-00C04F79EFBC}") = "Ordering.Infrastructure", "Services\Ordering\Ordering.Infrastructure\Ordering.Infrastructure.csproj", "{95366E66-34C2-4999-B060-F1DDB3F3631B}"
EndProject
Global
	GlobalSection(SolutionConfigurationPlatforms) = preSolution
		Debug|Any CPU = Debug|Any CPU
		Release|Any CPU = Release|Any CPU
	EndGlobalSection
	GlobalSection(ProjectConfigurationPlatforms) = postSolution
		{FE997CD9-167C-46E3-B7F2-0BB2C5B92823}.Debug|Any CPU.ActiveCfg = Debug|Any CPU
		{FE997CD9-167C-46E3-B7F2-0BB2C5B92823}.Debug|Any CPU.Build.0 = Debug|Any CPU
		{FE997CD9-167C-46E3-B7F2-0BB2C5B92823}.Release|Any CPU.ActiveCfg = Release|Any CPU
		{FE997CD9-167C-46E3-B7F2-0BB2C5B92823}.Release|Any CPU.Build.0 = Release|Any CPU
		{B38AFA59-DF96-4AFE-AF48-B3DEEDE9CB04}.Debug|Any CPU.ActiveCfg = Debug|Any CPU
		{B38AFA59-DF96-4AFE-AF48-B3DEEDE9CB04}.Debug|Any CPU.Build.0 = Debug|Any CPU
		{B38AFA59-DF96-4AFE-AF48-B3DEEDE9CB04}.Release|Any CPU.ActiveCfg = Release|Any CPU
		{B38AFA59-DF96-4AFE-AF48-B3DEEDE9CB04}.Release|Any CPU.Build.0 = Release|Any CPU
		{75085BA6-8C6E-4FEB-BBE1-D5AAABE126E4}.Debug|Any CPU.ActiveCfg = Debug|Any CPU
		{75085BA6-8C6E-4FEB-BBE1-D5AAABE126E4}.Debug|Any CPU.Build.0 = Debug|Any CPU
		{75085BA6-8C6E-4FEB-BBE1-D5AAABE126E4}.Release|Any CPU.ActiveCfg = Release|Any CPU
		{75085BA6-8C6E-4FEB-BBE1-D5AAABE126E4}.Release|Any CPU.Build.0 = Release|Any CPU
		{8D9BC2CF-FE86-464B-A5DC-C2D7A9C6545D}.Debug|Any CPU.ActiveCfg = Debug|Any CPU
		{8D9BC2CF-FE86-464B-A5DC-C2D7A9C6545D}.Debug|Any CPU.Build.0 = Debug|Any CPU
		{8D9BC2CF-FE86-464B-A5DC-C2D7A9C6545D}.Release|Any CPU.ActiveCfg = Release|Any CPU
		{8D9BC2CF-FE86-464B-A5DC-C2D7A9C6545D}.Release|Any CPU.Build.0 = Release|Any CPU
		{251FEB47-F9CE-4099-837A-4B1DF24CB5D3}.Debug|Any CPU.ActiveCfg = Debug|Any CPU
		{251FEB47-F9CE-4099-837A-4B1DF24CB5D3}.Debug|Any CPU.Build.0 = Debug|Any CPU
		{251FEB47-F9CE-4099-837A-4B1DF24CB5D3}.Release|Any CPU.ActiveCfg = Release|Any CPU
		{251FEB47-F9CE-4099-837A-4B1DF24CB5D3}.Release|Any CPU.Build.0 = Release|Any CPU
		{EC888ECC-D138-47CD-A7DE-92AE8A2C32AF}.Debug|Any CPU.ActiveCfg = Debug|Any CPU
		{EC888ECC-D138-47CD-A7DE-92AE8A2C32AF}.Debug|Any CPU.Build.0 = Debug|Any CPU
		{EC888ECC-D138-47CD-A7DE-92AE8A2C32AF}.Release|Any CPU.ActiveCfg = Release|Any CPU
		{EC888ECC-D138-47CD-A7DE-92AE8A2C32AF}.Release|Any CPU.Build.0 = Release|Any CPU
		{F24ED523-42DA-4968-B668-16694630EE9E}.Debug|Any CPU.ActiveCfg = Debug|Any CPU
		{F24ED523-42DA-4968-B668-16694630EE9E}.Debug|Any CPU.Build.0 = Debug|Any CPU
		{F24ED523-42DA-4968-B668-16694630EE9E}.Release|Any CPU.ActiveCfg = Release|Any CPU
		{F24ED523-42DA-4968-B668-16694630EE9E}.Release|Any CPU.Build.0 = Release|Any CPU
		{F936D602-4662-46FC-B2F3-41BAEBF0B681}.Debug|Any CPU.ActiveCfg = Debug|Any CPU
		{F936D602-4662-46FC-B2F3-41BAEBF0B681}.Debug|Any CPU.Build.0 = Debug|Any CPU
		{F936D602-4662-46FC-B2F3-41BAEBF0B681}.Release|Any CPU.ActiveCfg = Release|Any CPU
		{F936D602-4662-46FC-B2F3-41BAEBF0B681}.Release|Any CPU.Build.0 = Release|Any CPU
		{95366E66-34C2-4999-B060-F1DDB3F3631B}.Debug|Any CPU.ActiveCfg = Debug|Any CPU
		{95366E66-34C2-4999-B060-F1DDB3F3631B}.Debug|Any CPU.Build.0 = Debug|Any CPU
		{95366E66-34C2-4999-B060-F1DDB3F3631B}.Release|Any CPU.ActiveCfg = Release|Any CPU
		{95366E66-34C2-4999-B060-F1DDB3F3631B}.Release|Any CPU.Build.0 = Release|Any CPU
	EndGlobalSection
	GlobalSection(SolutionProperties) = preSolution
		HideSolutionNode = FALSE
	EndGlobalSection
	GlobalSection(NestedProjects) = preSolution
		{B2AAA785-F54F-4743-85B7-7C87D21E1B19} = {8BB25EFE-BBB8-4B49-AF37-E0538E87A817}
		{FE997CD9-167C-46E3-B7F2-0BB2C5B92823} = {B2AAA785-F54F-4743-85B7-7C87D21E1B19}
		{B38AFA59-DF96-4AFE-AF48-B3DEEDE9CB04} = {F57C21E9-0B0E-4203-9AC3-4F4242707D05}
		{415618B9-A929-4F9D-9BDC-8097B5707C61} = {8BB25EFE-BBB8-4B49-AF37-E0538E87A817}
		{8D9BC2CF-FE86-464B-A5DC-C2D7A9C6545D} = {415618B9-A929-4F9D-9BDC-8097B5707C61}
		{AB3D3503-D6F1-423C-9259-99E86AC88039} = {8BB25EFE-BBB8-4B49-AF37-E0538E87A817}
		{251FEB47-F9CE-4099-837A-4B1DF24CB5D3} = {AB3D3503-D6F1-423C-9259-99E86AC88039}
		{FD66657F-5B56-461E-840A-B0655767E10C} = {8BB25EFE-BBB8-4B49-AF37-E0538E87A817}
		{EC888ECC-D138-47CD-A7DE-92AE8A2C32AF} = {FD66657F-5B56-461E-840A-B0655767E10C}
		{F24ED523-42DA-4968-B668-16694630EE9E} = {FD66657F-5B56-461E-840A-B0655767E10C}
		{F936D602-4662-46FC-B2F3-41BAEBF0B681} = {FD66657F-5B56-461E-840A-B0655767E10C}
		{95366E66-34C2-4999-B060-F1DDB3F3631B} = {FD66657F-5B56-461E-840A-B0655767E10C}
	EndGlobalSection
EndGlobal
