
Microsoft Visual Studio Solution File, Format Version 12.00
# Visual Studio Version 17
VisualStudioVersion = 17.12.35527.113
MinimumVisualStudioVersion = 10.0.40219.1
Project("{2150E333-8FDC-42A3-9474-1A3956D46DE8}") = "Services", "Services", "{8BB25EFE-BBB8-4B49-AF37-E0538E87A817}"
EndProject
Project("{2150E333-8FDC-42A3-9474-1A3956D46DE8}") = "Catalog", "Catalog", "{B2AAA785-F54F-4743-85B7-7C87D21E1B19}"
EndProject
Project("{FAE04EC0-301F-11D3-BF4B-00C04F79EFBC}") = "Catalog.API", "Services\Catalog\Catalog.API\Catalog.API.csproj", "{FE997CD9-167C-46E3-B7F2-0BB2C5B92823}"
EndProject
Global
	GlobalSection(SolutionConfigurationPlatforms) = preSolution
		Debug|Any CPU = Debug|Any CPU
		Release|Any CPU = Release|Any CPU
	EndGlobalSection
	GlobalSection(ProjectConfigurationPlatforms) = postSolution
		{FE997CD9-167C-46E3-B7F2-0BB2C5B92823}.Debug|Any CPU.ActiveCfg = Debug|Any CPU
		{FE997CD9-167C-46E3-B7F2-0BB2C5B92823}.Debug|Any CPU.Build.0 = Debug|Any CPU
		{FE997CD9-167C-46E3-B7F2-0BB2C5B92823}.Release|Any CPU.ActiveCfg = Release|Any CPU
		{FE997CD9-167C-46E3-B7F2-0BB2C5B92823}.Release|Any CPU.Build.0 = Release|Any CPU
	EndGlobalSection
	GlobalSection(SolutionProperties) = preSolution
		HideSolutionNode = FALSE
	EndGlobalSection
	GlobalSection(NestedProjects) = preSolution
		{B2AAA785-F54F-4743-85B7-7C87D21E1B19} = {8BB25EFE-BBB8-4B49-AF37-E0538E87A817}
		{FE997CD9-167C-46E3-B7F2-0BB2C5B92823} = {B2AAA785-F54F-4743-85B7-7C87D21E1B19}
	EndGlobalSection
EndGlobal
